
Microsoft Visual Studio Solution File, Format Version 12.00
# Visual Studio 2013
VisualStudioVersion = 12.0.21005.1
MinimumVisualStudioVersion = 10.0.40219.1
Project("{FAE04EC0-301F-11D3-BF4B-00C04F79EFBC}") = "lab1", "lab1\lab1.csproj", "{8510ECDD-7BF5-4FAB-AB8C-4E5E617A0DBA}"
EndProject
Project("{FAE04EC0-301F-11D3-BF4B-00C04F79EFBC}") = "Nums", "Nums\Nums.csproj", "{4BD3CB0A-801C-4DCA-905D-CB4026D4C73E}"
EndProject
Project("{FAE04EC0-301F-11D3-BF4B-00C04F79EFBC}") = "lab2", "lab2\lab2.csproj", "{4B230EA0-94F6-4B77-B1AA-C671590140BC}"
EndProject
Project("{FAE04EC0-301F-11D3-BF4B-00C04F79EFBC}") = "lab3", "lab3\lab3.csproj", "{4C0C526A-BE7C-45C5-A5B8-C23086B37C68}"
EndProject
Global
	GlobalSection(SolutionConfigurationPlatforms) = preSolution
		Debug|Any CPU = Debug|Any CPU
		Release|Any CPU = Release|Any CPU
	EndGlobalSection
	GlobalSection(ProjectConfigurationPlatforms) = postSolution
		{8510ECDD-7BF5-4FAB-AB8C-4E5E617A0DBA}.Debug|Any CPU.ActiveCfg = Debug|Any CPU
		{8510ECDD-7BF5-4FAB-AB8C-4E5E617A0DBA}.Debug|Any CPU.Build.0 = Debug|Any CPU
		{8510ECDD-7BF5-4FAB-AB8C-4E5E617A0DBA}.Release|Any CPU.ActiveCfg = Release|Any CPU
		{8510ECDD-7BF5-4FAB-AB8C-4E5E617A0DBA}.Release|Any CPU.Build.0 = Release|Any CPU
		{4BD3CB0A-801C-4DCA-905D-CB4026D4C73E}.Debug|Any CPU.ActiveCfg = Debug|Any CPU
		{4BD3CB0A-801C-4DCA-905D-CB4026D4C73E}.Debug|Any CPU.Build.0 = Debug|Any CPU
		{4BD3CB0A-801C-4DCA-905D-CB4026D4C73E}.Release|Any CPU.ActiveCfg = Release|Any CPU
		{4BD3CB0A-801C-4DCA-905D-CB4026D4C73E}.Release|Any CPU.Build.0 = Release|Any CPU
		{4B230EA0-94F6-4B77-B1AA-C671590140BC}.Debug|Any CPU.ActiveCfg = Debug|Any CPU
		{4B230EA0-94F6-4B77-B1AA-C671590140BC}.Debug|Any CPU.Build.0 = Debug|Any CPU
		{4B230EA0-94F6-4B77-B1AA-C671590140BC}.Release|Any CPU.ActiveCfg = Release|Any CPU
		{4B230EA0-94F6-4B77-B1AA-C671590140BC}.Release|Any CPU.Build.0 = Release|Any CPU
		{4C0C526A-BE7C-45C5-A5B8-C23086B37C68}.Debug|Any CPU.ActiveCfg = Debug|Any CPU
		{4C0C526A-BE7C-45C5-A5B8-C23086B37C68}.Debug|Any CPU.Build.0 = Debug|Any CPU
		{4C0C526A-BE7C-45C5-A5B8-C23086B37C68}.Release|Any CPU.ActiveCfg = Release|Any CPU
		{4C0C526A-BE7C-45C5-A5B8-C23086B37C68}.Release|Any CPU.Build.0 = Release|Any CPU
	EndGlobalSection
	GlobalSection(SolutionProperties) = preSolution
		HideSolutionNode = FALSE
	EndGlobalSection
EndGlobal
